
Microsoft Visual Studio Solution File, Format Version 12.00
# Visual Studio Version 16
VisualStudioVersion = 16.0.30128.74
MinimumVisualStudioVersion = 10.0.40219.1
Project("{FAE04EC0-301F-11D3-BF4B-00C04F79EFBC}") = "AppointmentsSite", "AppointmentsSite.csproj", "{676C712D-65D7-4444-BE59-2B05FB250AFC}"
EndProject
Project("{2150E333-8FDC-42A3-9474-1A3956D46DE8}") = "Solution Items", "Solution Items", "{E41C7F37-D0B3-4EA5-A998-EC1AB95BA985}"
	ProjectSection(SolutionItems) = preProject
		.editorconfig = .editorconfig
	EndProjectSection
EndProject
Global
	GlobalSection(SolutionConfigurationPlatforms) = preSolution
		Debug|Any CPU = Debug|Any CPU
		Release|Any CPU = Release|Any CPU
	EndGlobalSection
	GlobalSection(ProjectConfigurationPlatforms) = postSolution
		{676C712D-65D7-4444-BE59-2B05FB250AFC}.Debug|Any CPU.ActiveCfg = Debug|Any CPU
		{676C712D-65D7-4444-BE59-2B05FB250AFC}.Debug|Any CPU.Build.0 = Debug|Any CPU
		{676C712D-65D7-4444-BE59-2B05FB250AFC}.Release|Any CPU.ActiveCfg = Release|Any CPU
		{676C712D-65D7-4444-BE59-2B05FB250AFC}.Release|Any CPU.Build.0 = Release|Any CPU
	EndGlobalSection
	GlobalSection(SolutionProperties) = preSolution
		HideSolutionNode = FALSE
	EndGlobalSection
	GlobalSection(ExtensibilityGlobals) = postSolution
		SolutionGuid = {F9D17B55-91C5-429B-A4A9-A0FCAC929A38}
	EndGlobalSection
EndGlobal
